
Microsoft Visual Studio Solution File, Format Version 12.00
# Visual Studio Version 17
VisualStudioVersion = 17.3.32811.315
MinimumVisualStudioVersion = 10.0.40219.1
Project("{FAE04EC0-301F-11D3-BF4B-00C04F79EFBC}") = "desafio_1", "desafio_1\desafio_1.csproj", "{C4E8E290-24A8-4D71-B5B0-A35CE4C40A38}"
EndProject
Global
	GlobalSection(SolutionConfigurationPlatforms) = preSolution
		Debug|Any CPU = Debug|Any CPU
		Release|Any CPU = Release|Any CPU
	EndGlobalSection
	GlobalSection(ProjectConfigurationPlatforms) = postSolution
		{C4E8E290-24A8-4D71-B5B0-A35CE4C40A38}.Debug|Any CPU.ActiveCfg = Debug|Any CPU
		{C4E8E290-24A8-4D71-B5B0-A35CE4C40A38}.Debug|Any CPU.Build.0 = Debug|Any CPU
		{C4E8E290-24A8-4D71-B5B0-A35CE4C40A38}.Release|Any CPU.ActiveCfg = Release|Any CPU
		{C4E8E290-24A8-4D71-B5B0-A35CE4C40A38}.Release|Any CPU.Build.0 = Release|Any CPU
	EndGlobalSection
	GlobalSection(SolutionProperties) = preSolution
		HideSolutionNode = FALSE
	EndGlobalSection
	GlobalSection(ExtensibilityGlobals) = postSolution
		SolutionGuid = {76A56362-5B42-4691-8222-80C326646DB9}
	EndGlobalSection
EndGlobal
